[[package]]
name = "asgiref"
version = "3.7.2"
description = "ASGI specs, helper code, and adapters"
category = "main"
optional = false
python-versions = ">=3.7"

[package.dependencies]
typing-extensions = {version = ">=4", markers = "python_version < \"3.11\""}

[package.extras]
tests = ["pytest", "pytest-asyncio", "mypy (>=0.800)"]

[[package]]
name = "asimov"
version = "0.5.3"
description = "A Python package for managing and interacting with data analysis jobs."
category = "main"
optional = false
python-versions = "*"

[package.dependencies]
click = "*"
flask = "*"
gitpython = "*"
gwpy = "*"
htcondor = "*"
igwn-auth-utils = ">=0.2.1"
ligo-gracedb = "*"
liquidpy = "*"
lscsoft-glue = ">=2.0.0"
networkx = "*"
numpy = "*"
otter-report = ">=0.3.3"
python-gitlab = "*"
pytz = "*"
pyyaml = "*"
requests = "*"
tinydb = "*"

[[package]]
name = "astropy"
version = "5.2.2"
description = "Astronomy and astrophysics core library"
category = "main"
optional = false
python-versions = ">=3.8"

[package.dependencies]
numpy = ">=1.20"
packaging = ">=19.0"
pyerfa = ">=2.0"
PyYAML = ">=3.13"

[package.extras]
all = ["scipy (>=1.5)", "matplotlib (>=3.1,!=3.4.0,!=3.5.2)", "certifi", "dask", "h5py", "pyarrow (>=5.0.0)", "beautifulsoup4", "html5lib", "bleach", "pandas", "sortedcontainers", "pytz", "jplephem", "mpmath", "asdf (>=2.10.0)", "bottleneck", "ipython (>=4.2)", "pytest (>=7.0)", "typing-extensions (>=3.10.0.1)", "fsspec[http] (>=2022.8.2)", "s3fs (>=2022.8.2)"]
docs = ["sphinx", "sphinx-astropy (>=1.6)", "pytest (>=7.0)", "scipy (>=1.3)", "matplotlib (>=3.1,!=3.4.0,!=3.5.2)", "sphinx-changelog (>=1.2.0)", "Jinja2 (>=3.0)"]
recommended = ["scipy (>=1.5)", "matplotlib (>=3.1,!=3.4.0,!=3.5.2)"]
test = ["pytest (>=7.0)", "pytest-doctestplus (>=0.12)", "pytest-astropy-header (>=0.2.1)", "pytest-astropy (>=0.10)", "pytest-xdist"]
test_all = ["pytest (>=7.0)", "pytest-doctestplus (>=0.12)", "pytest-astropy-header (>=0.2.1)", "pytest-astropy (>=0.10)", "pytest-xdist", "objgraph", "ipython (>=4.2)", "coverage", "skyfield (>=1.20)", "sgp4 (>=2.3)"]

[[package]]
name = "backports.zoneinfo"
version = "0.2.1"
description = "Backport of the standard library zoneinfo module"
category = "main"
optional = false
python-versions = ">=3.6"

[package.extras]
tzdata = ["tzdata"]

[[package]]
name = "blinker"
version = "1.6.2"
description = "Fast, simple object-to-object and broadcast signaling"
category = "main"
optional = false
python-versions = ">=3.7"

[[package]]
name = "certifi"
version = "2023.7.22"
description = "Python package for providing Mozilla's CA Bundle."
category = "main"
optional = false
python-versions = ">=3.6"

[[package]]
name = "cffi"
version = "1.16.0"
description = "Foreign Function Interface for Python calling C code."
category = "main"
optional = false
python-versions = ">=3.8"

[package.dependencies]
pycparser = "*"

[[package]]
name = "charset-normalizer"
version = "3.3.0"
description = "The Real First Universal Charset Detector. Open, modern and actively maintained alternative to Chardet."
category = "main"
optional = false
python-versions = ">=3.7.0"

[[package]]
name = "click"
version = "8.1.7"
description = "Composable command line interface toolkit"
category = "main"
optional = false
python-versions = ">=3.7"

[package.dependencies]
colorama = {version = "*", markers = "platform_system == \"Windows\""}

[[package]]
name = "colorama"
version = "0.4.6"
description = "Cross-platform colored terminal text."
category = "main"
optional = false
python-versions = "!=3.0.*,!=3.1.*,!=3.2.*,!=3.3.*,!=3.4.*,!=3.5.*,!=3.6.*,>=2.7"

[[package]]
name = "configparser"
version = "6.0.0"
description = "Updated configparser from stdlib for earlier Pythons."
category = "main"
optional = false
python-versions = ">=3.8"

[package.extras]
docs = ["sphinx (>=3.5)", "jaraco.packaging (>=9.3)", "rst.linker (>=1.9)", "furo", "sphinx-lint", "jaraco.tidelift (>=1.4)"]
testing = ["pytest (>=6)", "pytest-checkdocs (>=2.4)", "pytest-cov", "pytest-enabler (>=2.2)", "pytest-ruff", "types-backports", "pytest-black (>=0.3.7)", "pytest-mypy (>=0.9.1)"]

[[package]]
name = "contourpy"
version = "1.1.0"
description = "Python library for calculating contours of 2D quadrilateral grids"
category = "main"
optional = false
python-versions = ">=3.8"

[package.dependencies]
numpy = ">=1.16"

[package.extras]
docs = ["furo", "sphinx-copybutton"]
bokeh = ["bokeh", "selenium"]
mypy = ["contourpy", "docutils-stubs", "mypy (==1.2.0)", "types-pillow"]
test = ["contourpy", "matplotlib", "pillow"]
test-no-images = ["pytest", "pytest-cov", "wurlitzer"]

[[package]]
name = "contourpy"
version = "1.1.1"
description = "Python library for calculating contours of 2D quadrilateral grids"
category = "main"
optional = false
python-versions = ">=3.8"

[package.dependencies]
numpy = {version = ">=1.16,<2.0", markers = "python_version <= \"3.11\""}

[package.extras]
docs = ["furo", "sphinx (>=7.2)", "sphinx-copybutton"]
bokeh = ["bokeh", "selenium"]
mypy = ["contourpy", "docutils-stubs", "mypy (==1.4.1)", "types-pillow"]
test = ["contourpy", "matplotlib", "pillow"]
test-no-images = ["pytest", "pytest-cov", "wurlitzer"]

[[package]]
name = "cryptography"
version = "41.0.4"
description = "cryptography is a package which provides cryptographic recipes and primitives to Python developers."
category = "main"
optional = false
python-versions = ">=3.7"

[package.dependencies]
cffi = ">=1.12"

[package.extras]
docs = ["sphinx (>=5.3.0)", "sphinx-rtd-theme (>=1.1.1)"]
docstest = ["pyenchant (>=1.6.11)", "twine (>=1.12.0)", "sphinxcontrib-spelling (>=4.0.1)"]
nox = ["nox"]
pep8test = ["black", "ruff", "mypy", "check-sdist"]
sdist = ["build"]
ssh = ["bcrypt (>=3.1.5)"]
test = ["pytest (>=6.2.0)", "pytest-benchmark", "pytest-cov", "pytest-xdist", "pretend"]
test-randomorder = ["pytest-randomly"]

[[package]]
name = "cycler"
version = "0.12.0"
description = "Composable style cycles"
category = "main"
optional = false
python-versions = ">=3.8"

[package.extras]
docs = ["ipython", "matplotlib", "numpydoc", "sphinx"]
tests = ["pytest", "pytest-cov", "pytest-xdist"]

[[package]]
name = "django"
version = "4.2.5"
description = "A high-level Python web framework that encourages rapid development and clean, pragmatic design."
category = "main"
optional = false
python-versions = ">=3.8"

[package.dependencies]
asgiref = ">=3.6.0,<4"
"backports.zoneinfo" = {version = "*", markers = "python_version < \"3.9\""}
sqlparse = ">=0.3.1"
tzdata = {version = "*", markers = "sys_platform == \"win32\""}

[package.extras]
argon2 = ["argon2-cffi (>=19.1.0)"]
bcrypt = ["bcrypt"]

[[package]]
name = "dqsegdb2"
version = "1.2.1"
description = "Simplified python interface to DQSEGDB"
category = "main"
optional = false
python-versions = ">=3.6"

[package.dependencies]
igwn-auth-utils = ">=1.0.0"
ligo-segments = ">=1.0.0"

[package.extras]
docs = ["sphinx", "sphinx-automodapi", "sphinx-rtd-theme"]
lint = ["flake8 (>=3.7.0)", "flake8-bandit"]
test = ["pytest (>=2.9.2)", "pytest-cov (>=2.5.1)", "requests-mock (>=1.5.0)"]

[[package]]
name = "flask"
version = "3.0.0"
description = "A simple framework for building complex web applications."
category = "main"
optional = false
python-versions = ">=3.8"

[package.dependencies]
blinker = ">=1.6.2"
click = ">=8.1.3"
importlib-metadata = {version = ">=3.6.0", markers = "python_version < \"3.10\""}
itsdangerous = ">=2.1.2"
Jinja2 = ">=3.1.2"
Werkzeug = ">=3.0.0"

[package.extras]
async = ["asgiref (>=3.2)"]
dotenv = ["python-dotenv"]

[[package]]
name = "fonttools"
version = "4.43.0"
description = "Tools to manipulate font files"
category = "main"
optional = false
python-versions = ">=3.8"

[package.extras]
all = ["fs (>=2.2.0,<3)", "lxml (>=4.0,<5)", "zopfli (>=0.1.4)", "lz4 (>=1.7.4.2)", "matplotlib", "sympy", "skia-pathops (>=0.5.0)", "uharfbuzz (>=0.23.0)", "brotlicffi (>=0.8.0)", "scipy", "brotli (>=1.0.1)", "munkres", "unicodedata2 (>=15.0.0)", "xattr"]
graphite = ["lz4 (>=1.7.4.2)"]
interpolatable = ["scipy", "munkres"]
lxml = ["lxml (>=4.0,<5)"]
pathops = ["skia-pathops (>=0.5.0)"]
plot = ["matplotlib"]
repacker = ["uharfbuzz (>=0.23.0)"]
symfont = ["sympy"]
type1 = ["xattr"]
ufo = ["fs (>=2.2.0,<3)"]
unicode = ["unicodedata2 (>=15.0.0)"]
woff = ["zopfli (>=0.1.4)", "brotlicffi (>=0.8.0)", "brotli (>=1.0.1)"]

[[package]]
name = "future"
version = "0.18.3"
description = "Clean single-source support for Python 3 and 2"
category = "main"
optional = false
python-versions = ">=2.6, !=3.0.*, !=3.1.*, !=3.2.*"

[[package]]
name = "gitdb"
version = "4.0.10"
description = "Git Object Database"
category = "main"
optional = false
python-versions = ">=3.7"

[package.dependencies]
smmap = ">=3.0.1,<6"

[[package]]
name = "gitpython"
version = "3.1.37"
description = "GitPython is a Python library used to interact with Git repositories"
category = "main"
optional = false
python-versions = ">=3.7"

[package.dependencies]
gitdb = ">=4.0.1,<5"

[package.extras]
test = ["black", "coverage", "ddt (>=1.1.1,!=1.4.3)", "mypy", "pre-commit", "pytest", "pytest-cov", "pytest-sugar"]

[[package]]
name = "gwdatafind"
version = "1.1.3"
description = "The GWDataFind data discovery client"
category = "main"
optional = false
python-versions = ">=3.6"

[package.dependencies]
igwn-auth-utils = ">=0.3.1"
ligo-segments = "*"

[package.extras]
docs = ["numpydoc", "sphinx (>=4.4.0)", "sphinx-argparse", "sphinx-automodapi", "sphinx-rtd-theme"]
lint = ["flake8", "flake8-bandit", "flake8-docstrings", "radon"]
test = ["pytest (>=2.8.0)", "pytest-cov", "requests-mock"]

[[package]]
name = "gwosc"
version = "0.7.1"
description = "A python interface to the GW Open Science data archive"
category = "main"
optional = false
python-versions = ">=3.5"

[package.dependencies]
requests = ">=1.0.0"

[package.extras]
docs = ["sphinx", "sphinx-automodapi", "sphinx-rtd-theme"]
lint = ["flake8 (<5.0.0a0)", "flake8-bandit"]
test = ["pytest (>=2.7.0)", "pytest-cov", "pytest-socket", "requests-mock (>=1.5.0)"]

[[package]]
name = "gwpy"
version = "3.0.5"
description = "A python package for gravitational-wave astrophysics"
category = "main"
optional = false
python-versions = ">=3.7"

[package.dependencies]
astropy = ">=4.3.0"
dqsegdb2 = "*"
gwdatafind = ">=1.1.0"
gwosc = ">=0.5.3"
h5py = ">=3.0.0"
ligo-segments = ">=1.0.0"
ligotimegps = ">=1.2.1"
matplotlib = ">=3.3.0"
numpy = ">=1.17"
python-dateutil = "*"
requests = "*"
scipy = ">=1.2.0"
tqdm = ">=4.10.0"

[package.extras]
astro = ["inspiral-range"]
conda = ["python-framel (>=8.40.1)", "python-nds2-client", "python-ldas-tools-framecpp"]
dev = ["ciecplib", "dateparser (>=1.1.2)", "psycopg2", "pymysql", "pyrxp", "sqlalchemy", "uproot (>=4.1.5)", "maya", "lalsuite", "lscsoft-glue", "pycbc (>=1.13.4)", "python-ligo-lw (>=1.7.0)"]
docs = ["numpydoc (>=0.8.0)", "Sphinx (>=4.4.0)", "sphinx-automodapi", "sphinx-immaterial (>=0.7.3)", "sphinx-panels (>=0.6.0)", "sphinxcontrib-programoutput"]
test = ["coverage[toml] (>=5.0)", "pytest (>=3.9.1)", "pytest-freezegun", "pytest-cov (>=2.4.0)", "pytest-requires", "pytest-socket", "pytest-xdist", "requests-mock"]

[[package]]
name = "h5py"
version = "3.9.0"
description = "Read and write HDF5 files from Python"
category = "main"
optional = false
python-versions = ">=3.8"

[package.dependencies]
numpy = ">=1.17.3"

[[package]]
name = "htcondor"
version = "23.0.0"
description = "HTCondor Python bindings"
category = "main"
optional = false
python-versions = "*"

[[package]]
name = "idna"
version = "3.4"
description = "Internationalized Domain Names in Applications (IDNA)"
category = "main"
optional = false
python-versions = ">=3.5"

[[package]]
name = "igwn-auth-utils"
version = "1.0.2"
description = "Authorisation utilities for IGWN"
category = "main"
optional = false
python-versions = ">=3.6"

[package.dependencies]
cryptography = ">=2.3"
requests = ">=2.14"
safe-netrc = ">=1.0.0"
scitokens = ">=1.7.0"

[package.extras]
docs = ["sphinx (>=4.0.0)", "sphinx-immaterial-igwn"]
lint = ["flake8 (>=3.7.0)", "flake8-bandit"]
test = ["pytest (>=3.9.1)", "pytest-cov", "requests-mock"]

[[package]]
name = "importlib-metadata"
version = "6.8.0"
description = "Read metadata from Python packages"
category = "main"
optional = false
python-versions = ">=3.8"

[package.dependencies]
zipp = ">=0.5"

[package.extras]
docs = ["sphinx (>=3.5)", "jaraco.packaging (>=9)", "rst.linker (>=1.9)", "furo", "sphinx-lint", "jaraco.tidelift (>=1.4)"]
perf = ["ipython"]
testing = ["pytest (>=6)", "pytest-checkdocs (>=2.4)", "pytest-cov", "pytest-enabler (>=2.2)", "pytest-ruff", "packaging", "pyfakefs", "flufl.flake8", "pytest-perf (>=0.9.2)", "pytest-black (>=0.3.7)", "pytest-mypy (>=0.9.1)", "importlib-resources (>=1.3)"]

[[package]]
name = "importlib-resources"
version = "6.1.0"
description = "Read resources from Python packages"
category = "main"
optional = false
python-versions = ">=3.8"

[package.dependencies]
zipp = {version = ">=3.1.0", markers = "python_version < \"3.10\""}

[package.extras]
docs = ["sphinx (>=3.5)", "sphinx (<7.2.5)", "jaraco.packaging (>=9.3)", "rst.linker (>=1.9)", "furo", "sphinx-lint", "jaraco.tidelift (>=1.4)"]
testing = ["pytest (>=6)", "pytest-checkdocs (>=2.4)", "pytest-cov", "pytest-enabler (>=2.2)", "pytest-ruff", "zipp (>=3.17)", "pytest-black (>=0.3.7)", "pytest-mypy (>=0.9.1)"]

[[package]]
name = "itsdangerous"
version = "2.1.2"
description = "Safely pass data to untrusted environments and back."
category = "main"
optional = false
python-versions = ">=3.7"

[[package]]
name = "jinja2"
version = "3.1.2"
description = "A very fast and expressive template engine."
category = "main"
optional = false
python-versions = ">=3.7"

[package.dependencies]
MarkupSafe = ">=2.0"

[package.extras]
i18n = ["Babel (>=2.7)"]

[[package]]
name = "kiwisolver"
version = "1.4.5"
description = "A fast implementation of the Cassowary constraint solver"
category = "main"
optional = false
python-versions = ">=3.7"

[[package]]
name = "ligo-gracedb"
version = "2.12.0"
description = "A Python package for accessing the GraceDB API."
category = "main"
optional = false
python-versions = "*"

[package.dependencies]
cryptography = ">=1.7.2"
future = ">=0.15.0"
igwn-auth-utils = ">=1.0.0"
requests = ">=2.6.0"

[[package]]
name = "ligo-segments"
version = "1.4.0"
description = "Representations of semi-open intervals"
category = "main"
optional = false
python-versions = "*"

[package.dependencies]
six = "*"

[[package]]
name = "ligotimegps"
version = "2.0.1"
description = "A pure-python version of lal.LIGOTimeGPS"
category = "main"
optional = false
python-versions = ">=3.4"

[[package]]
name = "liquidpy"
version = "0.0.6"
description = "A port of liquid template engine for python"
category = "main"
optional = false
python-versions = "*"

[[package]]
name = "lscsoft-glue"
version = "3.0.1"
description = "Grid LSC User Engine"
category = "main"
optional = false
python-versions = "*"

[package.dependencies]
ligo-segments = "*"
numpy = "*"
pyOpenSSL = "*"
pyRXP = "*"
six = "*"

[[package]]
name = "markdown"
version = "3.4.4"
description = "Python implementation of John Gruber's Markdown."
category = "main"
optional = false
python-versions = ">=3.7"

[package.dependencies]
importlib-metadata = {version = ">=4.4", markers = "python_version < \"3.10\""}

[package.extras]
docs = ["mkdocs (>=1.0)", "mkdocs-nature (>=0.4)", "mdx-gh-links (>=0.2)"]
testing = ["coverage", "pyyaml"]

[[package]]
name = "markupsafe"
version = "2.1.3"
description = "Safely add untrusted strings to HTML/XML markup."
category = "main"
optional = false
python-versions = ">=3.7"

[[package]]
name = "matplotlib"
version = "3.7.3"
description = "Python plotting package"
category = "main"
optional = false
python-versions = ">=3.8"

[package.dependencies]
contourpy = ">=1.0.1"
cycler = ">=0.10"
fonttools = ">=4.22.0"
importlib-resources = {version = ">=3.2.0", markers = "python_version < \"3.10\""}
kiwisolver = ">=1.0.1"
numpy = ">=1.20,<2"
packaging = ">=20.0"
pillow = ">=6.2.0"
pyparsing = ">=2.3.1"
python-dateutil = ">=2.7"
setuptools_scm = ">=7"

[[package]]
name = "networkx"
version = "3.1"
description = "Python package for creating and manipulating graphs and networks"
category = "main"
optional = false
python-versions = ">=3.8"

[package.extras]
default = ["numpy (>=1.20)", "scipy (>=1.8)", "matplotlib (>=3.4)", "pandas (>=1.3)"]
developer = ["pre-commit (>=3.2)", "mypy (>=1.1)"]
doc = ["sphinx (>=6.1)", "pydata-sphinx-theme (>=0.13)", "sphinx-gallery (>=0.12)", "numpydoc (>=1.5)", "pillow (>=9.4)", "nb2plots (>=0.6)", "texext (>=0.6.7)"]
extra = ["lxml (>=4.6)", "pygraphviz (>=1.10)", "pydot (>=1.4.2)", "sympy (>=1.10)"]
test = ["pytest (>=7.2)", "pytest-cov (>=4.0)", "codecov (>=2.1)"]

[[package]]
name = "numpy"
version = "1.24.4"
description = "Fundamental package for array computing in Python"
category = "main"
optional = false
python-versions = ">=3.8"

[[package]]
name = "otter-report"
version = "0.3.3"
description = "The simple HTML report generator for Python jobs."
category = "main"
optional = false
python-versions = ">=3.3"

[package.dependencies]
configparser = "*"
jinja2 = "*"
markdown = "*"
matplotlib = "*"
pyyaml = "*"
tabulate = "*"

[[package]]
name = "packaging"
version = "23.2"
description = "Core utilities for Python packages"
category = "main"
optional = false
python-versions = ">=3.7"

[[package]]
name = "pillow"
version = "10.0.1"
description = "Python Imaging Library (Fork)"
category = "main"
optional = false
python-versions = ">=3.8"

[package.extras]
docs = ["furo", "olefile", "sphinx (>=2.4)", "sphinx-copybutton", "sphinx-inline-tabs", "sphinx-removed-in", "sphinxext-opengraph"]
tests = ["check-manifest", "coverage", "defusedxml", "markdown2", "olefile", "packaging", "pyroma", "pytest", "pytest-cov", "pytest-timeout"]

[[package]]
name = "pycparser"
version = "2.21"
description = "C parser in Python"
category = "main"
optional = false
python-versions = ">=2.7, !=3.0.*, !=3.1.*, !=3.2.*, !=3.3.*"

[[package]]
name = "pyerfa"
version = "2.0.0.3"
description = "Python bindings for ERFA"
category = "main"
optional = false
python-versions = ">=3.7"

[package.dependencies]
numpy = ">=1.17"

[package.extras]
docs = ["sphinx-astropy (>=1.3)"]
test = ["pytest", "pytest-doctestplus (>=0.7)"]

[[package]]
name = "pyjwt"
version = "2.8.0"
description = "JSON Web Token implementation in Python"
category = "main"
optional = false
python-versions = ">=3.7"

[package.extras]
crypto = ["cryptography (>=3.4.0)"]
dev = ["sphinx (>=4.5.0,<5.0.0)", "sphinx-rtd-theme", "zope.interface", "cryptography (>=3.4.0)", "pytest (>=6.0.0,<7.0.0)", "coverage[toml] (==5.0.4)", "pre-commit"]
docs = ["sphinx (>=4.5.0,<5.0.0)", "sphinx-rtd-theme", "zope.interface"]
tests = ["pytest (>=6.0.0,<7.0.0)", "coverage[toml] (==5.0.4)"]

[[package]]
name = "pyopenssl"
version = "23.2.0"
description = "Python wrapper module around the OpenSSL library"
category = "main"
optional = false
python-versions = ">=3.6"

[package.dependencies]
cryptography = ">=38.0.0,<40.0.0 || >40.0.0,<40.0.1 || >40.0.1,<42"

[package.extras]
docs = ["sphinx (!=5.2.0,!=5.2.0.post0)", "sphinx-rtd-theme"]
test = ["flaky", "pretend", "pytest (>=3.0.1)"]

[[package]]
name = "pyparsing"
version = "3.1.1"
description = "pyparsing module - Classes and methods to define and execute parsing grammars"
category = "main"
optional = false
python-versions = ">=3.6.8"

[package.extras]
diagrams = ["railroad-diagrams", "jinja2"]

[[package]]
name = "pyrxp"
version = "2.2.1"
description = "Python RXP interface - fast validating XML parser"
category = "main"
optional = false
python-versions = "*"

[[package]]
name = "python-dateutil"
version = "2.8.2"
description = "Extensions to the standard Python datetime module"
category = "main"
optional = false
python-versions = "!=3.0.*,!=3.1.*,!=3.2.*,>=2.7"

[package.dependencies]
six = ">=1.5"

[[package]]
name = "python-gitlab"
version = "3.15.0"
description = "Interact with GitLab API"
category = "main"
optional = false
python-versions = ">=3.7.0"

[package.dependencies]
requests = ">=2.25.0"
requests-toolbelt = ">=0.10.1"

[package.extras]
autocompletion = ["argcomplete (>=1.10.0,<3)"]
yaml = ["PyYaml (>=5.2)"]

[[package]]
name = "pytz"
version = "2023.3.post1"
description = "World timezone definitions, modern and historical"
category = "main"
optional = false
python-versions = "*"

[[package]]
name = "pyyaml"
version = "6.0.1"
description = "YAML parser and emitter for Python"
category = "main"
optional = false
python-versions = ">=3.6"

[[package]]
name = "requests"
version = "2.31.0"
description = "Python HTTP for Humans."
category = "main"
optional = false
python-versions = ">=3.7"

[package.dependencies]
certifi = ">=2017.4.17"
charset-normalizer = ">=2,<4"
idna = ">=2.5,<4"
urllib3 = ">=1.21.1,<3"

[package.extras]
socks = ["PySocks (>=1.5.6,!=1.5.7)"]
use_chardet_on_py3 = ["chardet (>=3.0.2,<6)"]

[[package]]
name = "requests-toolbelt"
version = "1.0.0"
description = "A utility belt for advanced users of python-requests"
category = "main"
optional = false
python-versions = ">=2.7, !=3.0.*, !=3.1.*, !=3.2.*, !=3.3.*"

[package.dependencies]
requests = ">=2.0.1,<3.0.0"

[[package]]
name = "safe-netrc"
version = "1.0.1"
description = "Safe netrc file parser"
category = "main"
optional = false
python-versions = ">=3.7"

[package.extras]
test = ["pytest"]

[[package]]
name = "scipy"
version = "1.9.3"
description = "Fundamental algorithms for scientific computing in Python"
category = "main"
optional = false
python-versions = ">=3.8"

[package.dependencies]
numpy = ">=1.18.5,<1.26.0"

[package.extras]
test = ["pytest", "pytest-cov", "pytest-xdist", "asv", "mpmath", "gmpy2", "threadpoolctl", "scikit-umfpack"]
doc = ["sphinx (!=4.1.0)", "pydata-sphinx-theme (==0.9.0)", "sphinx-panels (>=0.5.2)", "matplotlib (>2)", "numpydoc", "sphinx-tabs"]
dev = ["mypy", "typing-extensions", "pycodestyle", "flake8"]

[[package]]
name = "scitokens"
version = "1.8.1"
description = "SciToken reference implementation library"
category = "main"
optional = false
python-versions = ">=3.5"

[package.dependencies]
cryptography = "*"
PyJWT = ">=1.6.1"
requests = "*"

[package.extras]
docs = ["sphinx"]

[[package]]
name = "setuptools-scm"
version = "8.0.4"
description = "the blessed package to manage your versions by scm tags"
category = "main"
optional = false
python-versions = ">=3.8"

[package.dependencies]
packaging = ">=20"
tomli = {version = ">=1", markers = "python_version < \"3.11\""}
typing-extensions = "*"

[package.extras]
docs = ["entangled-cli", "mkdocs", "mkdocs-entangled-plugin", "mkdocs-material", "mkdocstrings", "pygments"]
rich = ["rich"]
test = ["build", "pytest", "rich", "wheel"]

[[package]]
name = "six"
version = "1.16.0"
description = "Python 2 and 3 compatibility utilities"
category = "main"
optional = false
python-versions = ">=2.7, !=3.0.*, !=3.1.*, !=3.2.*"

[[package]]
name = "smmap"
version = "5.0.1"
description = "A pure Python implementation of a sliding window memory map manager"
category = "main"
optional = false
python-versions = ">=3.7"

[[package]]
name = "sqlparse"
version = "0.4.4"
description = "A non-validating SQL parser."
category = "main"
optional = false
python-versions = ">=3.5"

[package.extras]
dev = ["flake8", "build"]
doc = ["sphinx"]
test = ["pytest", "pytest-cov"]

[[package]]
name = "tabulate"
version = "0.9.0"
description = "Pretty-print tabular data"
category = "main"
optional = false
python-versions = ">=3.7"

[package.extras]
widechars = ["wcwidth"]

[[package]]
name = "tinydb"
version = "3.15.2"
description = "TinyDB is a tiny, document oriented database optimized for your happiness :)"
category = "main"
optional = false
python-versions = "*"

[[package]]
name = "tomli"
version = "2.0.1"
description = "A lil' TOML parser"
category = "main"
optional = false
python-versions = ">=3.7"

[[package]]
name = "tqdm"
version = "4.66.1"
description = "Fast, Extensible Progress Meter"
category = "main"
optional = false
python-versions = ">=3.7"

[package.dependencies]
colorama = {version = "*", markers = "platform_system == \"Windows\""}

[package.extras]
dev = ["pytest (>=6)", "pytest-cov", "pytest-timeout", "pytest-xdist"]
notebook = ["ipywidgets (>=6)"]
slack = ["slack-sdk"]
telegram = ["requests"]

[[package]]
name = "typing-extensions"
version = "4.8.0"
description = "Backported and Experimental Type Hints for Python 3.8+"
category = "main"
optional = false
python-versions = ">=3.8"

[[package]]
name = "tzdata"
version = "2023.3"
description = "Provider of IANA time zone data"
category = "main"
optional = false
python-versions = ">=2"

[[package]]
name = "urllib3"
version = "2.0.6"
description = "HTTP library with thread-safe connection pooling, file post, and more."
category = "main"
optional = false
python-versions = ">=3.7"

[package.extras]
brotli = ["brotli (>=1.0.9)", "brotlicffi (>=0.8.0)"]
secure = ["certifi", "cryptography (>=1.9)", "idna (>=2.0.0)", "pyopenssl (>=17.1.0)", "urllib3-secure-extra"]
socks = ["pysocks (>=1.5.6,!=1.5.7,<2.0)"]
zstd = ["zstandard (>=0.18.0)"]

[[package]]
name = "werkzeug"
version = "3.0.0"
description = "The comprehensive WSGI web application library."
category = "main"
optional = false
python-versions = ">=3.8"

[package.dependencies]
MarkupSafe = ">=2.1.1"

[package.extras]
watchdog = ["watchdog (>=2.3)"]

[[package]]
name = "zipp"
version = "3.17.0"
description = "Backport of pathlib-compatible object wrapper for zip files"
category = "main"
optional = false
python-versions = ">=3.8"

[package.extras]
docs = ["sphinx (>=3.5)", "sphinx (<7.2.5)", "jaraco.packaging (>=9.3)", "rst.linker (>=1.9)", "furo", "sphinx-lint", "jaraco.tidelift (>=1.4)"]
testing = ["pytest (>=6)", "pytest-checkdocs (>=2.4)", "pytest-cov", "pytest-enabler (>=2.2)", "pytest-ruff", "jaraco.itertools", "jaraco.functools", "more-itertools", "big-o", "pytest-ignore-flaky", "pytest-black (>=0.3.7)", "pytest-mypy (>=0.9.1)"]

[metadata]
lock-version = "1.1"
python-versions = ">=3.8"
content-hash = "769bbc5d519fb66885323a1a5a8dd681b74513b785636745e27678cfb331d2ff"

[metadata.files]
asgiref = []
asimov = []
astropy = []
"backports.zoneinfo" = []
blinker = []
certifi = []
cffi = []
charset-normalizer = []
click = []
colorama = []
configparser = []
contourpy = []
cryptography = []
cycler = []
django = []
dqsegdb2 = []
flask = []
fonttools = []
future = []
gitdb = []
gitpython = []
gwdatafind = []
gwosc = []
gwpy = []
h5py = []
htcondor = []
idna = []
igwn-auth-utils = []
importlib-metadata = []
importlib-resources = []
itsdangerous = []
jinja2 = []
kiwisolver = []
ligo-gracedb = []
ligo-segments = []
ligotimegps = []
liquidpy = []
lscsoft-glue = []
markdown = []
markupsafe = []
matplotlib = []
networkx = []
numpy = []
otter-report = []
packaging = []
pillow = []
pycparser = []
pyerfa = []
pyjwt = []
pyopenssl = []
pyparsing = []
pyrxp = []
python-dateutil = []
python-gitlab = []
pytz = []
pyyaml = []
requests = []
requests-toolbelt = []
safe-netrc = []
scipy = []
scitokens = []
setuptools-scm = []
six = []
smmap = []
sqlparse = []
tabulate = []
tinydb = []
tomli = []
tqdm = []
typing-extensions = []
tzdata = []
urllib3 = []
werkzeug = []
zipp = []
